
Microsoft Visual Studio Solution File, Format Version 12.00
# Visual Studio 2012
Project("{FAE04EC0-301F-11D3-BF4B-00C04F79EFBC}") = "TestUserSQL", "TestUserSQL\TestUserSQL.csproj", "{619D2DED-F64F-463C-8165-DDE9F4055D61}"
EndProject
Global
	GlobalSection(SolutionConfigurationPlatforms) = preSolution
		Debug|Any CPU = Debug|Any CPU
		Release|Any CPU = Release|Any CPU
	EndGlobalSection
	GlobalSection(ProjectConfigurationPlatforms) = postSolution
		{619D2DED-F64F-463C-8165-DDE9F4055D61}.Debug|Any CPU.ActiveCfg = Debug|Any CPU
		{619D2DED-F64F-463C-8165-DDE9F4055D61}.Debug|Any CPU.Build.0 = Debug|Any CPU
		{619D2DED-F64F-463C-8165-DDE9F4055D61}.Release|Any CPU.ActiveCfg = Release|Any CPU
		{619D2DED-F64F-463C-8165-DDE9F4055D61}.Release|Any CPU.Build.0 = Release|Any CPU
	EndGlobalSection
	GlobalSection(SolutionProperties) = preSolution
		HideSolutionNode = FALSE
	EndGlobalSection
EndGlobal
